<Solution>
  <Configurations>
    <Platform Name="Any CPU" />
    <Platform Name="x64" />
    <Platform Name="x86" />
  </Configurations>
  <Folder Name="/core/">
    <File Path="deploy-core.bat" />
    <Project Path="core/go2cs/go2cs.shproj" />
    <Project Path="core/golib/golib.csproj" />
  </Folder>
  <Folder Name="/core/bytes/">
    <Project Path="core/bytes/bytes.csproj" />
  </Folder>
  <Folder Name="/core/cmp/">
    <Project Path="core/cmp/cmp.csproj" />
  </Folder>
  <Folder Name="/core/crypto/">
    <Project Path="core/crypto/crypto.csproj" />
  </Folder>
  <Folder Name="/core/crypto/subtle/">
    <Project Path="core/crypto/subtle/crypto.subtle.csproj" />
  </Folder>
  <Folder Name="/core/encoding/" />
  <Folder Name="/core/encoding/binary/">
    <Project Path="core/encoding/binary/encoding.binary.csproj" />
  </Folder>
  <Folder Name="/core/errors/">
    <Project Path="core/errors/errors.csproj" />
  </Folder>
  <Folder Name="/core/fmt/">
    <Project Path="core/fmt/fmt.csproj" />
  </Folder>
  <Folder Name="/core/hash/">
    <Project Path="core/hash/hash.csproj" />
  </Folder>
  <Folder Name="/core/internal/" />
  <Folder Name="/core/internal/abi/">
    <Project Path="core/internal/abi/internal.abi.csproj" />
  </Folder>
  <Folder Name="/core/internal/asan/">
    <Project Path="core/internal/asan/internal.asan.csproj" />
  </Folder>
  <Folder Name="/core/internal/bisect/">
    <Project Path="core/internal/bisect/internal.bisect.csproj" />
  </Folder>
  <Folder Name="/core/internal/bytealg/">
    <Project Path="core/internal/bytealg/internal.bytealg.csproj" />
  </Folder>
  <Folder Name="/core/internal/byteorder/">
    <Project Path="core/internal/byteorder/internal.byteorder.csproj" />
  </Folder>
  <Folder Name="/core/internal/chacha8rand/">
    <Project Path="core/internal/chacha8rand/internal.chacha8rand.csproj" />
  </Folder>
  <Folder Name="/core/internal/coverage/" />
  <Folder Name="/core/internal/coverage/rtcov/">
    <Project Path="core/internal/coverage/rtcov/internal.coverage.rtcov.csproj" />
  </Folder>
  <Folder Name="/core/internal/cpu/">
    <Project Path="core/internal/cpu/internal.cpu.csproj" />
  </Folder>
  <Folder Name="/core/internal/filepathlite/">
    <Project Path="core/internal/filepathlite/internal.filepathlite.csproj" />
  </Folder>
  <Folder Name="/core/internal/fmtsort/">
    <Project Path="core/internal/fmtsort/internal.fmtsort.csproj" />
  </Folder>
  <Folder Name="/core/internal/goarch/">
    <Project Path="core/internal/goarch/internal.goarch.csproj" />
  </Folder>
  <Folder Name="/core/internal/godebug/">
    <Project Path="core/internal/godebug/internal.godebug.csproj" />
  </Folder>
  <Folder Name="/core/internal/godebugs/">
    <Project Path="core/internal/godebugs/internal.godebugs.csproj" />
  </Folder>
  <Folder Name="/core/internal/goexperiment/">
    <Project Path="core/internal/goexperiment/internal.goexperiment.csproj" />
  </Folder>
  <Folder Name="/core/internal/goos/">
    <Project Path="core/internal/goos/internal.goos.csproj" />
  </Folder>
  <Folder Name="/core/internal/itoa/">
    <Project Path="core/internal/itoa/internal.itoa.csproj" />
  </Folder>
  <Folder Name="/core/internal/msan/">
    <Project Path="core/internal/msan/internal.msan.csproj" />
  </Folder>
  <Folder Name="/core/internal/oserror/">
    <Project Path="core/internal/oserror/internal.oserror.csproj" />
  </Folder>
  <Folder Name="/core/internal/poll/">
    <Project Path="core/internal/poll/internal.poll.csproj" />
  </Folder>
  <Folder Name="/core/internal/profilerecord/">
    <Project Path="core/internal/profilerecord/internal.profilerecord.csproj" />
  </Folder>
  <Folder Name="/core/internal/race/">
    <Project Path="core/internal/race/internal.race.csproj" />
  </Folder>
  <Folder Name="/core/internal/reflectlite/">
    <Project Path="core/internal/reflectlite/internal.reflectlite.csproj" />
  </Folder>
  <Folder Name="/core/internal/runtime/" />
  <Folder Name="/core/internal/runtime/atomic/">
    <Project Path="core/internal/runtime/atomic/internal.runtime.atomic.csproj" />
  </Folder>
  <Folder Name="/core/internal/runtime/exithook/">
    <Project Path="core/internal/runtime/exithook/internal.runtime.exithook.csproj" />
  </Folder>
  <Folder Name="/core/internal/runtime/syscall/">
    <Project Path="core/internal/runtime/syscall/internal.runtime.syscall.csproj" />
  </Folder>
  <Folder Name="/core/internal/stringslite/">
    <Project Path="core/internal/stringslite/internal.stringslite.csproj" />
  </Folder>
  <Folder Name="/core/internal/syscall/" />
  <Folder Name="/core/internal/syscall/execenv/">
    <Project Path="core/internal/syscall/execenv/internal.syscall.execenv.csproj" />
  </Folder>
  <Folder Name="/core/internal/syscall/unix/">
    <Project Path="core/internal/syscall/unix/internal.syscall.unix.csproj" />
  </Folder>
  <Folder Name="/core/internal/syscall/windows/">
    <Project Path="core/internal/syscall/windows/internal.syscall.windows.csproj" />
  </Folder>
  <Folder Name="/core/internal/syscall/windows/registry/">
    <Project Path="core/internal/syscall/windows/registry/internal.syscall.windows.registry.csproj" />
  </Folder>
  <Folder Name="/core/internal/syscall/windows/sysdll/">
    <Project Path="core/internal/syscall/windows/sysdll/internal.syscall.windows.sysdll.csproj" />
  </Folder>
  <Folder Name="/core/internal/testlog/">
    <Project Path="core/internal/testlog/internal.testlog.csproj" />
  </Folder>
  <Folder Name="/core/internal/unsafeheader/">
    <Project Path="core/internal/unsafeheader/internal.unsafeheader.csproj" />
  </Folder>
  <Folder Name="/core/io/fs/">
    <Project Path="core/io/fs/io.fs.csproj" />
  </Folder>
  <Folder Name="/core/io/">
    <Project Path="core/io/io.csproj" />
  </Folder>
  <Folder Name="/core/iter/">
    <Project Path="core/iter/iter.csproj" />
  </Folder>
  <Folder Name="/core/math/big/">
    <Project Path="core/math/big/math.big.csproj" />
  </Folder>
  <Folder Name="/core/math/bits/">
    <Project Path="core/math/bits/math.bits.csproj" />
  </Folder>
  <Folder Name="/core/math/">
    <Project Path="core/math/math.csproj" />
  </Folder>
  <Folder Name="/core/math/rand/">
    <Project Path="core/math/rand/math.rand.csproj" />
  </Folder>
  <Folder Name="/core/os/">
    <Project Path="core/os/os.csproj" />
  </Folder>
  <Folder Name="/core/path/">
    <Project Path="core/path/path.csproj" />
  </Folder>
  <Folder Name="/core/reflect/">
    <Project Path="core/reflect/reflect.csproj" />
  </Folder>
  <Folder Name="/core/runtime/debug/">
    <Project Path="core/runtime/debug/runtime.debug.csproj" />
  </Folder>
  <Folder Name="/core/runtime/internal/" />
  <Folder Name="/core/runtime/internal/math/">
    <Project Path="core/runtime/internal/math/runtime.internal.math.csproj" />
  </Folder>
  <Folder Name="/core/runtime/internal/sys/">
    <Project Path="core/runtime/internal/sys/runtime.internal.sys.csproj" />
  </Folder>
  <Folder Name="/core/runtime/">
    <Project Path="core/runtime/runtime.csproj" />
  </Folder>
  <Folder Name="/core/slices/">
    <Project Path="core/slices/slices.csproj" />
  </Folder>
  <Folder Name="/core/sort/">
    <Project Path="core/sort/sort.csproj" />
  </Folder>
  <Folder Name="/core/strconv/">
    <Project Path="core/strconv/strconv.csproj" />
  </Folder>
  <Folder Name="/core/strings/">
    <Project Path="core/strings/strings.csproj" />
  </Folder>
  <Folder Name="/core/sync/atomic/">
    <Project Path="core/sync/atomic/sync.atomic.csproj" />
  </Folder>
  <Folder Name="/core/sync/">
    <Project Path="core/sync/sync.csproj" />
  </Folder>
  <Folder Name="/core/syscall/">
    <Project Path="core/syscall/syscall.csproj" />
  </Folder>
  <Folder Name="/core/testing/">
    <Project Path="core/testing/testing.csproj" />
  </Folder>
  <Folder Name="/core/time/">
    <Project Path="core/time/time.csproj" />
  </Folder>
  <Folder Name="/core/unicode/">
    <Project Path="core/unicode/unicode.csproj" />
  </Folder>
  <Folder Name="/core/unicode/utf16/">
    <Project Path="core/unicode/utf16/unicode.utf16.csproj" />
  </Folder>
  <Folder Name="/core/unicode/utf8/">
    <Project Path="core/unicode/utf8/unicode.utf8.csproj" />
  </Folder>
  <Folder Name="/core/unsafe/">
    <Project Path="core/unsafe/unsafe.csproj" />
  </Folder>
  <Folder Name="/core/vendor/" />
  <Folder Name="/core/vendor/golang.org/x/crypto/sha3/">
    <Project Path="core/vendor/golang.org/x/crypto/sha3/vendor.golang.org.x.crypto.sha3.csproj" />
  </Folder>
  <Folder Name="/core/vendor/golang.org/x/sys/cpu/">
    <Project Path="core/vendor/golang.org/x/sys/cpu/vendor.golang.org.x.sys.cpu.csproj" />
  </Folder>
  <Folder Name="/docs/">
    <File Path="../.gitattributes" />
    <File Path="../.gitignore" />
    <File Path="../CLAUDE.md" />
    <File Path="../docs/Architecture.md" />
    <File Path="../docs/Background.md" />
        <File Path="../docs/CNAME" />
    <File Path="../docs/coding-style.md" />
    <File Path="../docs/ConversionStrategies-Reference.md" />
    <File Path="../docs/ConversionStrategies.md" />
    <File Path="../docs/Glossary.md" />
    <File Path="../docs/Performance.md" />
    <File Path="../docs/README.md" />
    <File Path="../docs/Roadmap.md" />
    <File Path="../docs/SECURITY.md" />
    <File Path="../docs/TestingInfrastructureRequirements.md" />
    <File Path="../LICENSE" />
    <File Path="../NOTICE" />
  </Folder>
  <Folder Name="/gen/">
    <Project Path="gen/go2cs-gen/go2cs-gen.csproj" />
  </Folder>
  <Folder Name="/go2cs/">
    <Project Path="go2cs/go2cs-src.shproj" />
  </Folder>
  <Folder Name="/tests/" />
  <Folder Name="/tests/behavioral/">
    <Project Path="tests/Behavioral/AnonInterfaceConversion/AnonInterfaceConversion.csproj" />
    <Project Path="tests/Behavioral/AtomicValueTypedNilFunc/AtomicValueTypedNilFunc.csproj" />
    <Project Path="tests/Behavioral/BehavioralRunner/BehavioralRunner.csproj" />
    <Project Path="tests/Behavioral/BehavioralTests/BehavioralTests.csproj" />
  </Folder>
  <Folder Name="/tests/behavioral/target-projects/">
    <Project Path="tests/Behavioral/AddressOfParamWrite/AddressOfParamWrite.csproj" />
    <Project Path="tests/Behavioral/AliasStructComposite/AliasStructComposite.csproj" />
    <Project Path="tests/Behavioral/AndNotAssignNarrow/AndNotAssignNarrow.csproj" />
    <Project Path="tests/Behavioral/AnonIfaceMethodSetWidening/AnonIfaceMethodSetWidening.csproj" />
    <Project Path="tests/Behavioral/AnonStructAssertLiftDedupe/AnonStructAssertLiftDedupe.csproj" />
    <Project Path="tests/Behavioral/AdapterNameInterfaceCollision/AdapterNameInterfaceCollision.csproj" />
    <Project Path="tests/Behavioral/AnonIfaceThroughPointerAdapter/AnonIfaceThroughPointerAdapter.csproj" />
    <Project Path="tests/Behavioral/AnonInterfaceCrossFile/AnonInterfaceCrossFile.csproj" />
    <Project Path="tests/Behavioral/AnonInterfaceSignatureAssert/AnonInterfaceSignatureAssert.csproj" />
    <Project Path="tests/Behavioral/AnonInterfaceVarWitness/AnonInterfaceVarWitness.csproj" />
    <Project Path="tests/Behavioral/AnonStructArrayElement/AnonStructArrayElement.csproj" />
    <Project Path="tests/Behavioral/AnonStructComposedTypes/AnonStructComposedTypes.csproj" />
    <Project Path="tests/Behavioral/AnonStructCrossFile/AnonStructCrossFile.csproj" />
    <Project Path="tests/Behavioral/AnonymousInterfaces/AnonymousInterfaces.csproj" />
    <Project Path="tests/Behavioral/AnonymousStructs/AnonymousStructs.csproj" />
    <Project Path="tests/Behavioral/AnyBoxedUntypedConst/AnyBoxedUntypedConst.csproj" />
    <Project Path="tests/Behavioral/AnyKeyMap/AnyKeyMap.csproj" />
    <Project Path="tests/Behavioral/AnyStringLitAssign/AnyStringLitAssign.csproj" />
    <Project Path="tests/Behavioral/AnyStringLitChanSend/AnyStringLitChanSend.csproj" />
    <Project Path="tests/Behavioral/AnyStringLitComposite/AnyStringLitComposite.csproj" />
    <Project Path="tests/Behavioral/AppendNamedSliceElement/AppendNamedSliceElement.csproj" />
    <Project Path="tests/Behavioral/AppendNilSliceElement/AppendNilSliceElement.csproj" />
    <Project Path="tests/Behavioral/AppendUntypedConst/AppendUntypedConst.csproj" />
    <Project Path="tests/Behavioral/AssignThroughTypeAssert/AssignThroughTypeAssert.csproj" />
    <Project Path="tests/Behavioral/AtomicValue/AtomicValue.csproj" />
    <Project Path="tests/Behavioral/BclTypeNameShadow/BclTypeNameShadow.csproj" />
    <Project Path="tests/Behavioral/BigUntypedConstComparison/BigUntypedConstComparison.csproj" />
    <Project Path="tests/Behavioral/BitwiseUntypedConst/BitwiseUntypedConst.csproj" />
    <Project Path="tests/Behavioral/BlankIdentifierCollision/BlankIdentifierCollision.csproj" />
    <Project Path="tests/Behavioral/BlankImportSideEffects/BlankImportSideEffects.csproj" />
    <Project Path="tests/Behavioral/BlankImportSideEffects/jpeglike/BlankImportSideEffects.jpeglike.csproj" />
    <Project Path="tests/Behavioral/BlankImportSideEffects/pnglike/BlankImportSideEffects.pnglike.csproj" />
    <Project Path="tests/Behavioral/BlankImportSideEffects/registry/BlankImportSideEffects.registry.csproj" />
    <Project Path="tests/Behavioral/BlankMultiResult/BlankMultiResult.csproj" />
    <Project Path="tests/Behavioral/BlankNamedReturn/BlankNamedReturn.csproj" />
    <Project Path="tests/Behavioral/BoxedMapFieldWrite/BoxedMapFieldWrite.csproj" />
    <Project Path="tests/Behavioral/BuiltinShadowLocal/BuiltinShadowLocal.csproj" />
    <Project Path="tests/Behavioral/ByteSliceStringVerbs/ByteSliceStringVerbs.csproj" />
    <Project Path="tests/Behavioral/ByteTableStringConst/ByteTableStringConst.csproj" />
    <Project Path="tests/Behavioral/ByteTableStringVar/ByteTableStringVar.csproj" />
    <Project Path="tests/Behavioral/ArrayCastDerefClone/ArrayCastDerefClone.csproj" />
    <Project Path="tests/Behavioral/ArrayLiteralDeclaredLength/ArrayLiteralDeclaredLength.csproj" />
    <Project Path="tests/Behavioral/ArrayOfCrossPackageType/ArrayOfCrossPackageType.csproj" />
    <Project Path="tests/Behavioral/ArrayPassByValue/ArrayPassByValue.csproj" />
    <Project Path="tests/Behavioral/ArrayPointerElementAlias/ArrayPointerElementAlias.csproj" />
    <Project Path="tests/Behavioral/ArrayRangeSnapshot/ArrayRangeSnapshot.csproj" />
    <Project Path="tests/Behavioral/ArrayValueCopySites/ArrayValueCopySites.csproj" />
    <Project Path="tests/Behavioral/ArrayWideIndexAddress/ArrayWideIndexAddress.csproj" />
    <Project Path="tests/Behavioral/AtomicFieldThroughPointer/AtomicFieldThroughPointer.csproj" />
    <Project Path="tests/Behavioral/AtomicPointerToNil/AtomicPointerToNil.csproj" />
    <Project Path="tests/Behavioral/AtomicValues/AtomicValues.csproj" />
    <Project Path="tests/Behavioral/CanonicalTypeIdentity/CanonicalTypeIdentity.csproj" />
    <Project Path="tests/Behavioral/CaptureHoistThroughConversion/CaptureHoistThroughConversion.csproj" />
    <Project Path="tests/Behavioral/CaptureModeFieldAddress/CaptureModeFieldAddress.csproj" />
    <Project Path="tests/Behavioral/CaptureModeFuncLitParam/CaptureModeFuncLitParam.csproj" />
    <Project Path="tests/Behavioral/CaptureModeParamClosure/CaptureModeParamClosure.csproj" />
    <Project Path="tests/Behavioral/CaptureModeValueParam/CaptureModeValueParam.csproj" />
    <Project Path="tests/Behavioral/CaptureModeValueParamLib/CaptureModeValueParamLib.csproj" />
    <Project Path="tests/Behavioral/CaptureModeValueParamUser/CaptureModeValueParamUser.csproj" />
    <Project Path="tests/Behavioral/CastNegativeNamedType/CastNegativeNamedType.csproj" />
    <Project Path="tests/Behavioral/ChanDirectionChain/ChanDirectionChain.csproj" />
    <Project Path="tests/Behavioral/ChanElemDims/ChanElemDims.csproj" />
    <Project Path="tests/Behavioral/ChannelCapLen/ChannelCapLen.csproj" />
    <Project Path="tests/Behavioral/ChannelReceiveFromClosed/ChannelReceiveFromClosed.csproj" />
    <Project Path="tests/Behavioral/ChannelReceiveFromNil/ChannelReceiveFromNil.csproj" />
    <Project Path="tests/Behavioral/ChannelRendezvous/ChannelRendezvous.csproj" />
    <Project Path="tests/Behavioral/ChannelSendToClosed/ChannelSendToClosed.csproj" />
    <Project Path="tests/Behavioral/ChannelSendToNil/ChannelSendToNil.csproj" />
    <Project Path="tests/Behavioral/ClearBuiltinShadow/ClearBuiltinShadow.csproj" />
    <Project Path="tests/Behavioral/ClosureBareReturnNamedResults/ClosureBareReturnNamedResults.csproj" />
    <Project Path="tests/Behavioral/ClosureCapturedPointerAddress/ClosureCapturedPointerAddress.csproj" />
    <Project Path="tests/Behavioral/ClosureDefer/ClosureDefer.csproj" />
    <Project Path="tests/Behavioral/ClosureEmbeddedPromotedPtrMethod/ClosureEmbeddedPromotedPtrMethod.csproj" />
    <Project Path="tests/Behavioral/ClosureLocalNoHeapBox/ClosureLocalNoHeapBox.csproj" />
    <Project Path="tests/Behavioral/ClosureMixedReturnUnsigned/ClosureMixedReturnUnsigned.csproj" />
    <Project Path="tests/Behavioral/ClosureParamShadow/ClosureParamShadow.csproj" />
    <Project Path="tests/Behavioral/ClosureReassignsPtrParam/ClosureReassignsPtrParam.csproj" />
    <Project Path="tests/Behavioral/ClosurePtrLocalFieldMethod/ClosurePtrLocalFieldMethod.csproj" />
    <Project Path="tests/Behavioral/ClosureReturnAnonStruct/ClosureReturnAnonStruct.csproj" />
    <Project Path="tests/Behavioral/ClosureSelfShadowCapture/ClosureSelfShadowCapture.csproj" />
    <Project Path="tests/Behavioral/ClosureWriteVisibility/ClosureWriteVisibility.csproj" />
    <Project Path="tests/Behavioral/CloseWakesBlocked/CloseWakesBlocked.csproj" />
    <Project Path="tests/Behavioral/CollidingPackageNames/CollidingPackageNames.csproj" />
    <Project Path="tests/Behavioral/CollidingPackageNames/duprenamed/collidea.dup.csproj" />
    <Project Path="tests/Behavioral/CollidingPackageNames/dupplain/collideb.dup.csproj" />
    <Project Path="tests/Behavioral/CollisionFieldBoxAccessor/CollisionFieldBoxAccessor.csproj" />
    <Project Path="tests/Behavioral/CollisionRenamedLocalBox/CollisionRenamedLocalBox.csproj" />
    <Project Path="tests/Behavioral/ComplexConstContext/ComplexConstContext.csproj" />
    <Project Path="tests/Behavioral/ComplexFormat/ComplexFormat.csproj" />
    <Project Path="tests/Behavioral/ComplexImaginaryShadow/ComplexImaginaryShadow.csproj" />
    <Project Path="tests/Behavioral/CombinedStructFields/CombinedStructFields.csproj" />
    <Project Path="tests/Behavioral/CompositeElementStringConcat/CompositeElementStringConcat.csproj" />
    <Project Path="tests/Behavioral/CompositeLiteralElements/CompositeLiteralElements.csproj" />
    <Project Path="tests/Behavioral/ConstShadowsParam/ConstShadowsParam.csproj" />
    <Project Path="tests/Behavioral/ConstSubexprOverflow/ConstSubexprOverflow.csproj" />
    <Project Path="tests/Behavioral/ConstrainedSliceParamInPlace/ConstrainedSliceParamInPlace.csproj" />
    <Project Path="tests/Behavioral/ConstraintProxyEmbeddedInterface/ConstraintProxyEmbeddedInterface.csproj" />
    <Project Path="tests/Behavioral/Constraints/Constraints.csproj" />
    <Project Path="tests/Behavioral/CrossPackageArrayZeroValue/CrossPackageArrayZeroValue.csproj" />
    <Project Path="tests/Behavioral/CrossPackageArrayZeroValue/bufpkg/CrossPackageArrayZeroValue.bufpkg.csproj" />
    <Project Path="tests/Behavioral/CrossPackagePointerReceiverVar/CrossPackagePointerReceiverVar.csproj" />
    <Project Path="tests/Behavioral/CrossPackagePointerReceiverVar/xpkgmulib/go.xpkgmu.csproj" />
    <Project Path="tests/Behavioral/CrossPkgLiteralNestedField/CrossPkgLiteralNestedField.csproj" />
    <Project Path="tests/Behavioral/CrossPkgLiteralNestedField/addrlib/CrossPkgLiteralNestedField.addrlib.csproj" />
    <Project Path="tests/Behavioral/CrossPkgBox/CrossPkgBox.csproj" />
    <Project Path="tests/Behavioral/CrossPkgFuncLib/CrossPkgFuncLib.csproj" />
    <Project Path="tests/Behavioral/CrossPkgLib/CrossPkgLib.csproj" />
    <Project Path="tests/Behavioral/CrossPkgSameNameAlias/CrossPkgSameNameAlias.csproj" />
    <Project Path="tests/Behavioral/CrossPkgUser/CrossPkgUser.csproj" />
    <Project Path="tests/Behavioral/CtorFieldInitializerOmitted/CtorFieldInitializerOmitted.csproj" />
    <Project Path="tests/Behavioral/DeadPointerParamAlias/DeadPointerParamAlias.csproj" />
    <Project Path="tests/Behavioral/DeepEqual/DeepEqual.csproj" />
    <Project Path="tests/Behavioral/DeepSelectRecursion/DeepSelectRecursion.csproj" />
    <Project Path="tests/Behavioral/DeferArgEnclosingCapture/DeferArgEnclosingCapture.csproj" />
    <Project Path="tests/Behavioral/DeferCallOrder/DeferCallOrder.csproj" />
    <Project Path="tests/Behavioral/DeferClosure/DeferClosure.csproj" />
    <Project Path="tests/Behavioral/DeferDiscardedMultiValue/DeferDiscardedMultiValue.csproj" />
    <Project Path="tests/Behavioral/DeferEvalParam/DeferEvalParam.csproj" />
    <Project Path="tests/Behavioral/DeferEvalParamFunc/DeferEvalParamFunc.csproj" />
    <Project Path="tests/Behavioral/DeferFinallyLowering/DeferFinallyLowering.csproj" />
    <Project Path="tests/Behavioral/DeferFrameScopes/DeferFrameScopes.csproj" />
    <Project Path="tests/Behavioral/DeferHeapFieldPtrMethod/DeferHeapFieldPtrMethod.csproj" />
    <Project Path="tests/Behavioral/DescriptorCarrierFieldName/DescriptorCarrierFieldName.csproj" />
    <Project Path="tests/Behavioral/DeferHeapLocalPtrMethod/DeferHeapLocalPtrMethod.csproj" />
    <Project Path="tests/Behavioral/DeferInterfaceReturn/DeferInterfaceReturn.csproj" />
    <Project Path="tests/Behavioral/DeferLambdaParam/DeferLambdaParam.csproj" />
    <Project Path="tests/Behavioral/DeferLoopCapture/DeferLoopCapture.csproj" />
    <Project Path="tests/Behavioral/DeferMultiValueSpread/DeferMultiValueSpread.csproj" />
    <Project Path="tests/Behavioral/DeferPanicArg/DeferPanicArg.csproj" />
    <Project Path="tests/Behavioral/DeferSimple/DeferSimple.csproj" />
    <Project Path="tests/Behavioral/DeferTypelessReturns/DeferTypelessReturns.csproj" />
    <Project Path="tests/Behavioral/DeferValueFieldPtrReceiver/DeferValueFieldPtrReceiver.csproj" />
    <Project Path="tests/Behavioral/DeferVariadicCallee/DeferVariadicCallee.csproj" />
    <Project Path="tests/Behavioral/DefinedElemStringConversion/DefinedElemStringConversion.csproj" />
    <Project Path="tests/Behavioral/DefinedOverNamedComposite/DefinedOverNamedComposite.csproj" />
    <Project Path="tests/Behavioral/DefinedOverNamedComposite/fslike/DefinedOverNamedComposite.fslike.csproj" />
    <Project Path="tests/Behavioral/DefinedTypeOverForeignStruct/DefinedTypeOverForeignStruct.csproj" />
    <Project Path="tests/Behavioral/DefinedTypeOverForeignStruct/ptlike/DefinedTypeOverForeignStruct.ptlike.csproj" />
    <Project Path="tests/Behavioral/DefinedTypeOverInterface/DefinedTypeOverInterface.csproj" />
    <Project Path="tests/Behavioral/DefinedTypeOverPkgType/DefinedTypeOverPkgType.csproj" />
    <Project Path="tests/Behavioral/DerefPointerToField/DerefPointerToField.csproj" />
    <Project Path="tests/Behavioral/DerivedInterfaceStructuralProbe/DerivedInterfaceStructuralProbe.csproj" />
    <Project Path="tests/Behavioral/DirectBoxReceiverPassedWhole/DirectBoxReceiverPassedWhole.csproj" />
    <Project Path="tests/Behavioral/DivideByZeroPanic/DivideByZeroPanic.csproj" />
    <Project Path="tests/Behavioral/DotImportRenamedPackage/DotImportRenamedPackage.csproj" />
    <Project Path="tests/Behavioral/DotImportRenamedType/DotImportRenamedType.csproj" />
    <Project Path="tests/Behavioral/DotImportRenamedType/renamedlib/DotImportRenamedType.renamedlib.csproj" />
    <Project Path="tests/Behavioral/DynamicInterfaceKeywordMethod/DynamicInterfaceKeywordMethod.csproj" />
    <Project Path="tests/Behavioral/DynIfaceParamNameCollision/DynIfaceParamNameCollision.csproj" />
    <Project Path="tests/Behavioral/ElementAddressUnsignedIndex/ElementAddressUnsignedIndex.csproj" />
    <Project Path="tests/Behavioral/ElidedNestedPtrComposite/ElidedNestedPtrComposite.csproj" />
    <Project Path="tests/Behavioral/ElidedPtrElemIfaceAssign/ElidedPtrElemIfaceAssign.csproj" />
    <Project Path="tests/Behavioral/ElidedStructInterfaceField/ElidedStructInterfaceField.csproj" />
    <Project Path="tests/Behavioral/EmbeddedInterfaceWitness/EmbeddedInterfaceWitness.csproj" />
    <Project Path="tests/Behavioral/EmbeddedInterfaceWitness/iolike/EmbeddedInterfaceWitness.iolike.csproj" />
    <Project Path="tests/Behavioral/EmbeddedPointerFieldIdentity/EmbeddedPointerFieldIdentity.csproj" />
    <Project Path="tests/Behavioral/EmbeddedPointerNilAssign/EmbeddedPointerNilAssign.csproj" />
    <Project Path="tests/Behavioral/EmbeddedStructValueCopy/EmbeddedStructValueCopy.csproj" />
    <Project Path="tests/Behavioral/EmbeddedTypeNameCollision/EmbeddedTypeNameCollision.csproj" />
    <Project Path="tests/Behavioral/EmbeddedTypeNameCollision/inner/EmbeddedTypeNameCollision.inner.csproj" />
    <Project Path="tests/Behavioral/EmbeddedValuePointerMethod/EmbeddedValuePointerMethod.csproj" />
    <Project Path="tests/Behavioral/EmptyStructMapSet/EmptyStructMapSet.csproj" />
    <Project Path="tests/Behavioral/EnvironBlockWalk/EnvironBlockWalk.csproj" />
    <Project Path="tests/Behavioral/ErrorfFormatting/ErrorfFormatting.csproj" />
    <Project Path="tests/Behavioral/EscapedLoopVarSiblingIndex/EscapedLoopVarSiblingIndex.csproj" />
    <Project Path="tests/Behavioral/ExprSwitch/ExprSwitch.csproj" />
    <Project Path="tests/Behavioral/FieldChainBoxReceiver/FieldChainBoxReceiver.csproj" />
    <Project Path="tests/Behavioral/FieldDimsCargo/FieldDimsCargo.csproj" />
    <Project Path="tests/Behavioral/FieldNameShadowsLoopVar/FieldNameShadowsLoopVar.csproj" />
    <Project Path="tests/Behavioral/FieldNameTypeMethodCollision/FieldNameTypeMethodCollision.csproj" />
    <Project Path="tests/Behavioral/FieldNamedAsType/FieldNamedAsType.csproj" />
    <Project Path="tests/Behavioral/FileNameBuildConstraints/FileNameBuildConstraints.csproj" />
    <Project Path="tests/Behavioral/FindFirstFileData/FindFirstFileData.csproj" />
    <Project Path="tests/Behavioral/FirstClassFunctions/FirstClassFunctions.csproj" />
    <Project Path="tests/Behavioral/FloatFormatExponent/FloatFormatExponent.csproj" />
    <Project Path="tests/Behavioral/FixedArrayBufferPointer/FixedArrayBufferPointer.csproj" />
    <Project Path="tests/Behavioral/FloatConstIntContext/FloatConstIntContext.csproj" />
    <Project Path="tests/Behavioral/FloatFormatting/FloatFormatting.csproj" />
    <Project Path="tests/Behavioral/FloatKindConstArrayLength/FloatKindConstArrayLength.csproj" />
    <Project Path="tests/Behavioral/ForeignIfaceFieldPointer/ForeignIfaceFieldPointer.csproj" />
    <Project Path="tests/Behavioral/ForeignIfaceFieldPointer/addrlib/ForeignIfaceFieldPointer.addrlib.csproj" />
    <Project Path="tests/Behavioral/ForInitMixedTypes/ForInitMixedTypes.csproj" />
    <Project Path="tests/Behavioral/ForInitShadowedUse/ForInitShadowedUse.csproj" />
    <Project Path="tests/Behavioral/ForLoopPerIterationVars/ForLoopPerIterationVars.csproj" />
    <Project Path="tests/Behavioral/ForMethodInitPost/ForMethodInitPost.csproj" />
    <Project Path="tests/Behavioral/ForVarMasksBlockLevel/ForVarMasksBlockLevel.csproj" />
    <Project Path="tests/Behavioral/ForVarMasksFuncLevel/ForVarMasksFuncLevel.csproj" />
    <Project Path="tests/Behavioral/ForVariants/ForVariants.csproj" />
    <Project Path="tests/Behavioral/FormatTypeAdapters/FormatTypeAdapters.csproj" />
    <Project Path="tests/Behavioral/FormatTypeAdapters/typelib/FormatTypeAdapters.typelib.csproj" />
    <Project Path="tests/Behavioral/FuncFieldNestedTupleParam/FuncFieldNestedTupleParam.csproj" />
    <Project Path="tests/Behavioral/FuncForPCName/FuncForPCName.csproj" />
    <Project Path="tests/Behavioral/FuncTypeNilConversion/FuncTypeNilConversion.csproj" />
    <Project Path="tests/Behavioral/ForeignPairNumericConv/ForeignPairNumericConv.csproj" />
    <Project Path="tests/Behavioral/ForeignPairNumericConv/convlib/ForeignPairNumericConv.convlib.csproj" />
    <Project Path="tests/Behavioral/ForeignPtrEmbedIfaceLib/ForeignPtrEmbedIfaceLib.csproj" />
    <Project Path="tests/Behavioral/ForeignPtrEmbedIfaceUser/ForeignPtrEmbedIfaceUser.csproj" />
    <Project Path="tests/Behavioral/ForeignPointerImplementSuppression/ForeignPointerImplementSuppression.csproj" />
    <Project Path="tests/Behavioral/ForeignPointerImplementSuppression/shade/ForeignPointerImplementSuppression.shade.csproj" />
    <Project Path="tests/Behavioral/ForeignPointerImplementSuppression/tone/ForeignPointerImplementSuppression.tone.csproj" />
    <Project Path="tests/Behavioral/ForeignValueImplementSuppression/ForeignValueImplementSuppression.csproj" />
    <Project Path="tests/Behavioral/ForeignValueImplementSuppression/hue/ForeignValueImplementSuppression.hue.csproj" />
    <Project Path="tests/Behavioral/FuncFieldUnexportedType/FuncFieldUnexportedType.csproj" />
    <Project Path="tests/Behavioral/FuncLitArgCapture/FuncLitArgCapture.csproj" />
    <Project Path="tests/Behavioral/FuncLitCaptureInCondition/FuncLitCaptureInCondition.csproj" />
    <Project Path="tests/Behavioral/FuncLiteralCallerNames/FuncLiteralCallerNames.csproj" />
    <Project Path="tests/Behavioral/FuncLitNumericTupleReturn/FuncLitNumericTupleReturn.csproj" />
    <Project Path="tests/Behavioral/FuncLitStringConcatReturn/FuncLitStringConcatReturn.csproj" />
    <Project Path="tests/Behavioral/FuncLitUntypedConstReturn/FuncLitUntypedConstReturn.csproj" />
    <Project Path="tests/Behavioral/FuncTypeParam/FuncTypeParam.csproj" />
    <Project Path="tests/Behavioral/FuncVsMethodOverload/FuncVsMethodOverload.csproj" />
    <Project Path="tests/Behavioral/GenericArrayConstraint/GenericArrayConstraint.csproj" />
    <Project Path="tests/Behavioral/GenericAtomicPointerField/GenericAtomicPointerField.csproj" />
    <Project Path="tests/Behavioral/GenericCompositeLiterals/GenericCompositeLiterals.csproj" />
    <Project Path="tests/Behavioral/GenericCompositeType/GenericCompositeType.csproj" />
    <Project Path="tests/Behavioral/GenericEmbedPromotion/GenericEmbedPromotion.csproj" />
    <Project Path="tests/Behavioral/GenericFuncCall/GenericFuncCall.csproj" />
    <Project Path="tests/Behavioral/GenericFuncDecl/GenericFuncDecl.csproj" />
    <Project Path="tests/Behavioral/GenericNamedArrayType/GenericNamedArrayType.csproj" />
    <Project Path="tests/Behavioral/GenericNegation/GenericNegation.csproj" />
    <Project Path="tests/Behavioral/GenericInterfaceConstraint/GenericInterfaceConstraint.csproj" />
    <Project Path="tests/Behavioral/GenericPointerInterfaceImpl/GenericPointerInterfaceImpl.csproj" />
    <Project Path="tests/Behavioral/GenericReceiverFieldAddress/GenericReceiverFieldAddress.csproj" />
    <Project Path="tests/Behavioral/GenericResultLambdaInfer/GenericResultLambdaInfer.csproj" />
    <Project Path="tests/Behavioral/GenericStringTypeArg/GenericStringTypeArg.csproj" />
    <Project Path="tests/Behavioral/GenericStructEquality/GenericStructEquality.csproj" />
    <Project Path="tests/Behavioral/GenericStructFields/GenericStructFields.csproj" />
    <Project Path="tests/Behavioral/GenericTypeAssertions/GenericTypeAssertions.csproj" />
    <Project Path="tests/Behavioral/GenericTypeDecl/GenericTypeDecl.csproj" />
    <Project Path="tests/Behavioral/GenericTypeInference/GenericTypeInference.csproj" />
    <Project Path="tests/Behavioral/GenericTypeInstantiation/GenericTypeInstantiation.csproj" />
    <Project Path="tests/Behavioral/GenericTypeNameCompanion/GenericTypeNameCompanion.csproj" />
    <Project Path="tests/Behavioral/GenericUntypedConstInfer/GenericUntypedConstInfer.csproj" />
    <Project Path="tests/Behavioral/GenericUntypedIntArg/GenericUntypedIntArg.csproj" />
    <Project Path="tests/Behavioral/GenericValueInterfaceImpl/GenericValueInterfaceImpl.csproj" />
    <Project Path="tests/Behavioral/GenericVariadicFunc/GenericVariadicFunc.csproj" />
    <Project Path="tests/Behavioral/GlobalCapturedInClosure/GlobalCapturedInClosure.csproj" />
    <Project Path="tests/Behavioral/GlobalArrayElementFieldAddress/GlobalArrayElementFieldAddress.csproj" />
    <Project Path="tests/Behavioral/GlobalArrayElementMethod/GlobalArrayElementMethod.csproj" />
    <Project Path="tests/Behavioral/GlobalAtomicDefer/GlobalAtomicDefer.csproj" />
    <Project Path="tests/Behavioral/GlobalAtomicFieldMethod/GlobalAtomicFieldMethod.csproj" />
    <Project Path="tests/Behavioral/GlobalNestedFieldAddress/GlobalNestedFieldAddress.csproj" />
    <Project Path="tests/Behavioral/GlobalPointerWalk/GlobalPointerWalk.csproj" />
    <Project Path="tests/Behavioral/GlobalShadowedByLocal/GlobalShadowedByLocal.csproj" />
    <Project Path="tests/Behavioral/GlobalStructFieldPointers/GlobalStructFieldPointers.csproj" />
    <Project Path="tests/Behavioral/GuardedNilPointerParamDeref/GuardedNilPointerParamDeref.csproj" />
    <Project Path="tests/Behavioral/GlobalTupleVarDecl/GlobalTupleVarDecl.csproj" />
    <Project Path="tests/Behavioral/GoCallVariations/GoCallVariations.csproj" />
    <Project Path="tests/Behavioral/GoexitDefers/GoexitDefers.csproj" />
    <Project Path="tests/Behavioral/GoNamespaceShadow/GoNamespaceShadow.csproj" />
    <Project Path="tests/Behavioral/GoNamespaceShadow/nsshadowlib/go.nsshadow.csproj" />
    <Project Path="tests/Behavioral/GoOnlyFloatLiteralForms/GoOnlyFloatLiteralForms.csproj" />
    <Project Path="tests/Behavioral/GoroutinePanicExitCode/GoroutinePanicExitCode.csproj" />
    <Project Path="tests/Behavioral/GoroutineParkStorm/GoroutineParkStorm.csproj" />
    <Project Path="tests/Behavioral/GoroutineWaitState/GoroutineWaitState.csproj" />
    <Project Path="tests/Behavioral/GoShiftSemantics/GoShiftSemantics.csproj" />
    <Project Path="tests/Behavioral/GoStmtReceiverLambda/GoStmtReceiverLambda.csproj" />
    <Project Path="tests/Behavioral/GoStmtValueReturn/GoStmtValueReturn.csproj" />
    <Project Path="tests/Behavioral/GoSyntaxIfaceFieldPointer/GoSyntaxIfaceFieldPointer.csproj" />
    <Project Path="tests/Behavioral/GoUntypedConstArg/GoUntypedConstArg.csproj" />
    <Project Path="tests/Behavioral/HeapKeywordVar/HeapKeywordVar.csproj" />
    <Project Path="tests/Behavioral/HexByteStringLiteral/HexByteStringLiteral.csproj" />
    <Project Path="tests/Behavioral/IfStatements/IfStatements.csproj" />
    <Project Path="tests/Behavioral/IfaceChainPointerAssert/IfaceChainPointerAssert.csproj" />
    <Project Path="tests/Behavioral/IfaceToIfaceNarrow/IfaceToIfaceNarrow.csproj" />
    <Project Path="tests/Behavioral/IncDecPointerField/IncDecPointerField.csproj" />
    <Project Path="tests/Behavioral/IndexedElementDirectBoxMethod/IndexedElementDirectBoxMethod.csproj" />
    <Project Path="tests/Behavioral/ImmediatelyInvokedFunc/ImmediatelyInvokedFunc.csproj" />
    <Project Path="tests/Behavioral/ImportSegmentTypeShadow/ImportSegmentTypeShadow.csproj" />
    <Project Path="tests/Behavioral/IfaceFieldEmbedAdapter/IfaceFieldEmbedAdapter.csproj" />
    <Project Path="tests/Behavioral/IfaceFieldMethodValueBind/IfaceFieldMethodValueBind.csproj" />
    <Project Path="tests/Behavioral/IndexExprCaseLabel/IndexExprCaseLabel.csproj" />
    <Project Path="tests/Behavioral/InferredForeignTypeNoImport/InferredForeignTypeNoImport.csproj" />
    <Project Path="tests/Behavioral/InitOrderTupleSpecs/InitOrderTupleSpecs.csproj" />
    <Project Path="tests/Behavioral/InterfaceAssertionMapKey/InterfaceAssertionMapKey.csproj" />
    <Project Path="tests/Behavioral/InterfaceCasting/InterfaceCasting.csproj" />
    <Project Path="tests/Behavioral/InterfaceFieldNamedScalar/InterfaceFieldNamedScalar.csproj" />
    <Project Path="tests/Behavioral/InterfaceImplementation/InterfaceImplementation.csproj" />
    <Project Path="tests/Behavioral/InterfaceInheritance/InterfaceInheritance.csproj" />
    <Project Path="tests/Behavioral/InterfaceIntraFunction/InterfaceIntraFunction.csproj" />
    <Project Path="tests/Behavioral/InterfaceKeywordParamNames/InterfaceKeywordParamNames.csproj" />
    <Project Path="tests/Behavioral/InterfaceMapKeyPointer/InterfaceMapKeyPointer.csproj" />
    <Project Path="tests/Behavioral/InterfaceToInterfaceAdapter/InterfaceToInterfaceAdapter.csproj" />
    <Project Path="tests/Behavioral/InterfaceToInterfaceAssertion/InterfaceToInterfaceAssertion.csproj" />
    <Project Path="tests/Behavioral/InterfaceUntypedIntCompare/InterfaceUntypedIntCompare.csproj" />
    <Project Path="tests/Behavioral/IntFormFloatConst/IntFormFloatConst.csproj" />
    <Project Path="tests/Behavioral/IntMinLiterals/IntMinLiterals.csproj" />
    <Project Path="tests/Behavioral/InvalidRuneString/InvalidRuneString.csproj" />
    <Project Path="tests/Behavioral/IoLike/IoLike.csproj" />
    <Project Path="tests/Behavioral/IoLike/FsLike/IoLike.FsLike.csproj" />
    <Project Path="tests/Behavioral/IpAdapterAddresses/IpAdapterAddresses.csproj" />
    <Project Path="tests/Behavioral/IotaEnum/IotaEnum.csproj" />
    <Project Path="tests/Behavioral/ItabLateRegistration/ItabLateRegistration.csproj" />
    <Project Path="tests/Behavioral/ItabLateRegistration/lib/ItabLateRegistration.lib.csproj" />
    <Project Path="tests/Behavioral/ItabLateRegistration/latelib/ItabLateRegistration.latelib.csproj" />
    <Project Path="tests/Behavioral/IterPullRendezvous/IterPullRendezvous.csproj" />
    <Project Path="tests/Behavioral/JsonFixedArrayUnmarshal/JsonFixedArrayUnmarshal.csproj" />
    <Project Path="tests/Behavioral/JsonUnmarshalerDispatch/JsonUnmarshalerDispatch.csproj" />
    <Project Path="tests/Behavioral/KeyedLiteralIfaceAssign/KeyedLiteralIfaceAssign.csproj" />
    <Project Path="tests/Behavioral/KeywordNamedTypes/KeywordNamedTypes.csproj" />
    <Project Path="tests/Behavioral/KeywordTrueFalseIdent/KeywordTrueFalseIdent.csproj" />
    <Project Path="tests/Behavioral/LambdaFunctions/LambdaFunctions.csproj" />
    <Project Path="tests/Behavioral/LambdaNilOnlyReturnInference/LambdaNilOnlyReturnInference.csproj" />
    <Project Path="tests/Behavioral/LambdaReturnsPointerParam/LambdaReturnsPointerParam.csproj" />
    <Project Path="tests/Behavioral/LabeledEmptyStmt/LabeledEmptyStmt.csproj" />
    <Project Path="tests/Behavioral/LargeUintptrConst/LargeUintptrConst.csproj" />
    <Project Path="tests/Behavioral/LiftAccessibilityTier/LiftAccessibilityTier.csproj" />
    <Project Path="tests/Behavioral/LiftedLocalTypes/LiftedLocalTypes.csproj" />
    <Project Path="tests/Behavioral/LibraryImportPartial/LibraryImportPartial.csproj" />
    <Project Path="tests/Behavioral/LinknameVarPull/LinknameVarPull.csproj" />
    <Project Path="tests/Behavioral/LinknameVarPullLib/LinknameVarPullLib.csproj" />
    <Project Path="tests/Behavioral/LinuxSpawnBasics/LinuxSpawnBasics.csproj" />
    <Project Path="tests/Behavioral/LocalNamedTypeDecls/LocalNamedTypeDecls.csproj" />
    <Project Path="tests/Behavioral/LocalFunctionEmission/LocalFunctionEmission.csproj" />
    <Project Path="tests/Behavioral/LocalShadowsEmbedHopType/LocalShadowsEmbedHopType.csproj" />
    <Project Path="tests/Behavioral/LocalStructFieldAddr/LocalStructFieldAddr.csproj" />
    <Project Path="tests/Behavioral/LocalValueIfaceCallConversion/LocalValueIfaceCallConversion.csproj" />
    <Project Path="tests/Behavioral/LocalTimeZone/LocalTimeZone.csproj" />
    <Project Path="tests/Behavioral/LocalTypeAliasScope/LocalTypeAliasScope.csproj" />
    <Project Path="tests/Behavioral/LocalTypeSliceElement/LocalTypeSliceElement.csproj" />
    <Project Path="tests/Behavioral/LongPathRoundTrip/LongPathRoundTrip.csproj" />
    <Project Path="tests/Behavioral/LookupServicePort/LookupServicePort.csproj" />
    <Project Path="tests/Behavioral/MakeLenNamedNumeric/MakeLenNamedNumeric.csproj" />
    <Project Path="tests/Behavioral/MakeSlicePanicRange/MakeSlicePanicRange.csproj" />
    <Project Path="tests/Behavioral/MakeSliceUintptrLen/MakeSliceUintptrLen.csproj" />
    <Project Path="tests/Behavioral/ManagedAtomicPointer/ManagedAtomicPointer.csproj" />
    <Project Path="tests/Behavioral/ManualConversionSiblingState/ManualConversionSiblingState.csproj" />
    <Project Path="tests/Behavioral/MapAnonStructValue/MapAnonStructValue.csproj" />
    <Project Path="tests/Behavioral/MapArrayValueZero/MapArrayValueZero.csproj" />
    <Project Path="tests/Behavioral/MapCloneLinkname/MapCloneLinkname.csproj" />
    <Project Path="tests/Behavioral/MapCommaOk/MapCommaOk.csproj" />
    <Project Path="tests/Behavioral/MapMutateDuringRange/MapMutateDuringRange.csproj" />
    <Project Path="tests/Behavioral/MapPointerElementLiteral/MapPointerElementLiteral.csproj" />
    <Project Path="tests/Behavioral/MapStringBytesLookup/MapStringBytesLookup.csproj" />
    <Project Path="tests/Behavioral/MathFloatBits/MathFloatBits.csproj" />
    <Project Path="tests/Behavioral/MethodGroupGenericArg/MethodGroupGenericArg.csproj" />
    <Project Path="tests/Behavioral/MethodOnBoxedGlobalIndex/MethodOnBoxedGlobalIndex.csproj" />
    <Project Path="tests/Behavioral/MapSamePackageTypes/MapSamePackageTypes.csproj" />
    <Project Path="tests/Behavioral/MethodExprDotImport/MethodExprDotImport.csproj" />
    <Project Path="tests/Behavioral/MethodExprDotImport/mep/MethodExprDotImport.mep.csproj" />
    <Project Path="tests/Behavioral/MethodExpression/MethodExpression.csproj" />
    <Project Path="tests/Behavioral/MethodSelector/MethodSelector.csproj" />
    <Project Path="tests/Behavioral/MethodValuePointeeCopy/MethodValuePointeeCopy.csproj" />
    <Project Path="tests/Behavioral/MethodValueReassignCapture/MethodValueReassignCapture.csproj" />
    <Project Path="tests/Behavioral/MethodValueReceiverEscape/MethodValueReceiverEscape.csproj" />
    <Project Path="tests/Behavioral/MethodValueReceiverSnapshot/MethodValueReceiverSnapshot.csproj" />
    <Project Path="tests/Behavioral/MethodlessFuncType/MethodlessFuncType.csproj" />
    <Project Path="tests/Behavioral/MethodlessFuncTypeAssert/MethodlessFuncTypeAssert.csproj" />
    <Project Path="tests/Behavioral/MinMaxBuiltin/MinMaxBuiltin.csproj" />
    <Project Path="tests/Behavioral/MixedEmbedKindPromotion/MixedEmbedKindPromotion.csproj" />
    <Project Path="tests/Behavioral/MultiFileInitOrder/MultiFileInitOrder.csproj" />
    <Project Path="tests/Behavioral/MultiPointerEmbedPromotion/MultiPointerEmbedPromotion.csproj" />
    <Project Path="tests/Behavioral/MultiValueReturnOrder/MultiValueReturnOrder.csproj" />
    <Project Path="tests/Behavioral/NamedAnySliceType/NamedAnySliceType.csproj" />
    <Project Path="tests/Behavioral/NamedArrayAnonElement/NamedArrayAnonElement.csproj" />
    <Project Path="tests/Behavioral/NamedArrayComposite/NamedArrayComposite.csproj" />
    <Project Path="tests/Behavioral/NamedArrayKeyedLiteral/NamedArrayKeyedLiteral.csproj" />
    <Project Path="tests/Behavioral/NamedArrayWrapper/NamedArrayWrapper.csproj" />
    <Project Path="tests/Behavioral/NamedBooleanLogic/NamedBooleanLogic.csproj" />
    <Project Path="tests/Behavioral/NamedChannelType/NamedChannelType.csproj" />
    <Project Path="tests/Behavioral/NamedByteSliceFromStringLit/NamedByteSliceFromStringLit.csproj" />
    <Project Path="tests/Behavioral/NamedConstConversionPrecedence/NamedConstConversionPrecedence.csproj" />
    <Project Path="tests/Behavioral/NamedConstFloatFold/NamedConstFloatFold.csproj" />
    <Project Path="tests/Behavioral/NamedDelegateStructuralParam/NamedDelegateStructuralParam.csproj" />
    <Project Path="tests/Behavioral/NamedFuncResultPointerArg/NamedFuncResultPointerArg.csproj" />
    <Project Path="tests/Behavioral/NamedFuncTypeMapParam/NamedFuncTypeMapParam.csproj" />
    <Project Path="tests/Behavioral/NamedFuncTypeStateMachine/NamedFuncTypeStateMachine.csproj" />
    <Project Path="tests/Behavioral/NamedFuncTypeStructuralField/NamedFuncTypeStructuralField.csproj" />
    <Project Path="tests/Behavioral/NamedInterfaceAdapterIdentity/NamedInterfaceAdapterIdentity.csproj" />
    <Project Path="tests/Behavioral/NamedInterfaceAdapterIdentity/identlib/NamedInterfaceAdapterIdentity.identlib.csproj" />
    <Project Path="tests/Behavioral/NamedInterfaceLateAssert/NamedInterfaceLateAssert.csproj" />
    <Project Path="tests/Behavioral/NamedInterfaceLateAssert/latelib/NamedInterfaceLateAssert.latelib.csproj" />
    <Project Path="tests/Behavioral/NamedInterfacePointerMethodSet/NamedInterfacePointerMethodSet.csproj" />
    <Project Path="tests/Behavioral/NamedInterfacePointerMethodSet/pmslib/NamedInterfacePointerMethodSet.pmslib.csproj" />
    <Project Path="tests/Behavioral/NamedImportInitOrder/NamedImportInitOrder.csproj" />
    <Project Path="tests/Behavioral/NamedImportInitOrder/reader/NamedImportInitOrder.reader.csproj" />
    <Project Path="tests/Behavioral/NamedImportInitOrder/store/NamedImportInitOrder.store.csproj" />
    <Project Path="tests/Behavioral/NamedImportInitOrder/writer/NamedImportInitOrder.writer.csproj" />
    <Project Path="tests/Behavioral/NamedMapRvalueIndexWrite/NamedMapRvalueIndexWrite.csproj" />
    <Project Path="tests/Behavioral/NamedMapValuesCollision/NamedMapValuesCollision.csproj" />
    <Project Path="tests/Behavioral/NamedMapCrossPkgKey/NamedMapCrossPkgKey.csproj" />
    <Project Path="tests/Behavioral/NamedMapMakeNonNil/NamedMapMakeNonNil.csproj" />
    <Project Path="tests/Behavioral/NamedArrayPointerConversion/NamedArrayPointerConversion.csproj" />
    <Project Path="tests/Behavioral/NamedArrayZeroValue/NamedArrayZeroValue.csproj" />
    <Project Path="tests/Behavioral/NamedPointerReinterpret/NamedPointerReinterpret.csproj" />
    <Project Path="tests/Behavioral/NamedResultAddressEscape/NamedResultAddressEscape.csproj" />
    <Project Path="tests/Behavioral/NamedResultLambdaInfer/NamedResultLambdaInfer.csproj" />
    <Project Path="tests/Behavioral/NamedReturnDefer/NamedReturnDefer.csproj" />
    <Project Path="tests/Behavioral/NamedSliceCaptureMethod/NamedSliceCaptureMethod.csproj" />
    <Project Path="tests/Behavioral/NamedSliceChildPkg/NamedSliceChildPkg.csproj" />
    <Project Path="tests/Behavioral/NamedSliceChildPkg/netlike/NamedSliceChildPkg.netlike.csproj" />
    <Project Path="tests/Behavioral/NamedSliceConversion/NamedSliceConversion.csproj" />
    <Project Path="tests/Behavioral/NamedSliceNilVsEmpty/NamedSliceNilVsEmpty.csproj" />
    <Project Path="tests/Behavioral/NamedSlicePointerReinterpret/NamedSlicePointerReinterpret.csproj" />
    <Project Path="tests/Behavioral/NamedSlicePointerElements/NamedSlicePointerElements.csproj" />
    <Project Path="tests/Behavioral/NamedStringConcat/NamedStringConcat.csproj" />
    <Project Path="tests/Behavioral/NamedStringConversion/NamedStringConversion.csproj" />
    <Project Path="tests/Behavioral/NamedStringConsts/NamedStringConsts.csproj" />
    <Project Path="tests/Behavioral/NamedStringDefine/NamedStringDefine.csproj" />
    <Project Path="tests/Behavioral/NamedStringZeroValue/NamedStringZeroValue.csproj" />
    <Project Path="tests/Behavioral/NamedTypeBitwiseConst/NamedTypeBitwiseConst.csproj" />
    <Project Path="tests/Behavioral/NamedTypeOverStruct/NamedTypeOverStruct.csproj" />
    <Project Path="tests/Behavioral/NamedIntSignednessConv/NamedIntSignednessConv.csproj" />
    <Project Path="tests/Behavioral/NamedNumericConstCast/NamedNumericConstCast.csproj" />
    <Project Path="tests/Behavioral/NamedNumericConversion/NamedNumericConversion.csproj" />
    <Project Path="tests/Behavioral/NamedNumericIncDec/NamedNumericIncDec.csproj" />
    <Project Path="tests/Behavioral/NamedNumericIntCast/NamedNumericIntCast.csproj" />
    <Project Path="tests/Behavioral/NamedNumericOperatorConstraint/NamedNumericOperatorConstraint.csproj" />
    <Project Path="tests/Behavioral/NamedNumericPointerReinterpret/NamedNumericPointerReinterpret.csproj" />
    <Project Path="tests/Behavioral/NamedNumericSliceIndex/NamedNumericSliceIndex.csproj" />
    <Project Path="tests/Behavioral/NamedNumericSwitchLiteral/NamedNumericSwitchLiteral.csproj" />
    <Project Path="tests/Behavioral/NamedNumericShiftConv/NamedNumericShiftConv.csproj" />
    <Project Path="tests/Behavioral/NamedResultDeferCapture/NamedResultDeferCapture.csproj" />
    <Project Path="tests/Behavioral/NarrowArithmeticArg/NarrowArithmeticArg.csproj" />
    <Project Path="tests/Behavioral/NarrowByteArithFirstOperandCast/NarrowByteArithFirstOperandCast.csproj" />
    <Project Path="tests/Behavioral/NarrowByteArithReturn/NarrowByteArithReturn.csproj" />
    <Project Path="tests/Behavioral/NarrowShiftVarCount/NarrowShiftVarCount.csproj" />
    <Project Path="tests/Behavioral/NativeIntConstMask/NativeIntConstMask.csproj" />
    <Project Path="tests/Behavioral/NativeIntWideConstAssign/NativeIntWideConstAssign.csproj" />
    <Project Path="tests/Behavioral/NativeIntWideConstElement/NativeIntWideConstElement.csproj" />
    <Project Path="tests/Behavioral/NestedAliasUser/NestedAliasUser.csproj" />
    <Project Path="tests/Behavioral/NestedAliasUser/inner/NestedAliasUser.inner.csproj" />
    <Project Path="tests/Behavioral/NestedEmbeddingPromotion/NestedEmbeddingPromotion.csproj" />
    <Project Path="tests/Behavioral/NestedFieldElementAddr/NestedFieldElementAddr.csproj" />
    <Project Path="tests/Behavioral/NestedFieldPointerAssign/NestedFieldPointerAssign.csproj" />
    <Project Path="tests/Behavioral/NestedFixedArrays/NestedFixedArrays.csproj" />
    <Project Path="tests/Behavioral/NestedGenericTypes/NestedGenericTypes.csproj" />
    <Project Path="tests/Behavioral/NestedLambdaReceiverField/NestedLambdaReceiverField.csproj" />
    <Project Path="tests/Behavioral/NestedMapAssign/NestedMapAssign.csproj" />
    <Project Path="tests/Behavioral/NestedPromotedEmbedInit/NestedPromotedEmbedInit.csproj" />
    <Project Path="tests/Behavioral/NestedSelectRecvTarget/NestedSelectRecvTarget.csproj" />
    <Project Path="tests/Behavioral/NestedVarShadow/NestedVarShadow.csproj" />
    <Project Path="tests/Behavioral/NetDeadlineMatrix/NetDeadlineMatrix.csproj" />
    <Project Path="tests/Behavioral/NetListenSmoke/NetListenSmoke.csproj" />
    <Project Path="tests/Behavioral/NewAnonStructIfaceEmbed/NewAnonStructIfaceEmbed.csproj" />
    <Project Path="tests/Behavioral/NilAdapterOpsClosure/NilAdapterOpsClosure.csproj" />
    <Project Path="tests/Behavioral/NilChannelInSelect/NilChannelInSelect.csproj" />
    <Project Path="tests/Behavioral/NilChannelSelectDefault/NilChannelSelectDefault.csproj" />
    <Project Path="tests/Behavioral/NilMapKey/NilMapKey.csproj" />
    <Project Path="tests/Behavioral/NilMapOperations/NilMapOperations.csproj" />
    <Project Path="tests/Behavioral/NilPointerPanic/NilPointerPanic.csproj" />
    <Project Path="tests/Behavioral/NilPointerParamMethods/NilPointerParamMethods.csproj" />
    <Project Path="tests/Behavioral/NilReceiverMethods/NilReceiverMethods.csproj" />
    <Project Path="tests/Behavioral/NilPointerParamUnsafePointer/NilPointerParamUnsafePointer.csproj" />
    <Project Path="tests/Behavioral/NilPointerUintptr/NilPointerUintptr.csproj" />
    <Project Path="tests/Behavioral/NilReceiverNormalization/NilReceiverNormalization.csproj" />
    <Project Path="tests/Behavioral/NilSliceConversion/NilSliceConversion.csproj" />
    <Project Path="tests/Behavioral/NilVarNamedFuncConv/NilVarNamedFuncConv.csproj" />
    <Project Path="tests/Behavioral/OptionalInterfaceStructuralAssertion/OptionalInterfaceStructuralAssertion.csproj" />
    <Project Path="tests/Behavioral/PackageAliasRootedTypeArgs/PackageAliasRootedTypeArgs.csproj" />
    <Project Path="tests/Behavioral/PackageNameShadowing/PackageNameShadowing.csproj" />
    <Project Path="tests/Behavioral/PackageShadowParam/PackageShadowParam.csproj" />
    <Project Path="tests/Behavioral/PackageShadowPointerParam/PackageShadowPointerParam.csproj" />
    <Project Path="tests/Behavioral/PackageVarFuncLitPointerParam/PackageVarFuncLitPointerParam.csproj" />
    <Project Path="tests/Behavioral/PackageVarFuncLitTypeLift/PackageVarFuncLitTypeLift.csproj" />
    <Project Path="tests/Behavioral/PackageVarInitOrder/PackageVarInitOrder.csproj" />
    <Project Path="tests/Behavioral/PanicDeferCalleeFrame/PanicDeferCalleeFrame.csproj" />
    <Project Path="tests/Behavioral/PanicRecover/PanicRecover.csproj" />
    <Project Path="tests/Behavioral/PanicValueRendering/PanicValueRendering.csproj" />
    <Project Path="tests/Behavioral/ParallelAssignmentHazard/ParallelAssignmentHazard.csproj" />
    <Project Path="tests/Behavioral/ParenIifeNilFuncConv/ParenIifeNilFuncConv.csproj" />
    <Project Path="tests/Behavioral/ParenthesizedConcatContext/ParenthesizedConcatContext.csproj" />
    <Project Path="tests/Behavioral/ParenTypeConversionCall/ParenTypeConversionCall.csproj" />
    <Project Path="tests/Behavioral/PartialRedeclaration/PartialRedeclaration.csproj" />
    <Project Path="tests/Behavioral/PkgLevelFuncLitLocals/PkgLevelFuncLitLocals.csproj" />
    <Project Path="tests/Behavioral/PipeCloseUnblocksRead/PipeCloseUnblocksRead.csproj" />
    <Project Path="tests/Behavioral/PointerArraySlice/PointerArraySlice.csproj" />
    <Project Path="tests/Behavioral/PointerEmbedValueChainPromotion/PointerEmbedValueChainPromotion.csproj" />
    <Project Path="tests/Behavioral/PointerParamWalk/PointerParamWalk.csproj" />
    <Project Path="tests/Behavioral/PointerArrayRange/PointerArrayRange.csproj" />
    <Project Path="tests/Behavioral/PointerCastSliceRange/PointerCastSliceRange.csproj" />
    <Project Path="tests/Behavioral/PointerCastSliceReinterpret/PointerCastSliceReinterpret.csproj" />
    <Project Path="tests/Behavioral/PointerReinterpretIdentity/PointerReinterpretIdentity.csproj" />
    <Project Path="tests/Behavioral/PointerReceiverRepoint/PointerReceiverRepoint.csproj" />
    <Project Path="tests/Behavioral/PointerReceiverSliceSwap/PointerReceiverSliceSwap.csproj" />
    <Project Path="tests/Behavioral/PointerCoreConstraints/PointerCoreConstraints.csproj" />
    <Project Path="tests/Behavioral/PointerOutParameter/PointerOutParameter.csproj" />
    <Project Path="tests/Behavioral/PointerSelectorDeref/PointerSelectorDeref.csproj" />
    <Project Path="tests/Behavioral/PointerCopyWalk/PointerCopyWalk.csproj" />
    <Project Path="tests/Behavioral/PointerEmbedBoxReceiver/PointerEmbedBoxReceiver.csproj" />
    <Project Path="tests/Behavioral/PointerEmbeddingPromotion/PointerEmbeddingPromotion.csproj" />
    <Project Path="tests/Behavioral/PointerFieldArrayElementAddress/PointerFieldArrayElementAddress.csproj" />
    <Project Path="tests/Behavioral/PointerFieldOfBoxedGlobal/PointerFieldOfBoxedGlobal.csproj" />
    <Project Path="tests/Behavioral/PointerInterfaceStructField/PointerInterfaceStructField.csproj" />
    <Project Path="tests/Behavioral/PointerParamCapturedInClosure/PointerParamCapturedInClosure.csproj" />
    <Project Path="tests/Behavioral/PointerParamInClosure/PointerParamInClosure.csproj" />
    <Project Path="tests/Behavioral/PointerParamNilWalk/PointerParamNilWalk.csproj" />
    <Project Path="tests/Behavioral/PointerReceiverNilCompare/PointerReceiverNilCompare.csproj" />
    <Project Path="tests/Behavioral/PointerReceiverPointerLocalField/PointerReceiverPointerLocalField.csproj" />
    <Project Path="tests/Behavioral/PointerRvalueFieldReceiver/PointerRvalueFieldReceiver.csproj" />
    <Project Path="tests/Behavioral/PointerToArrayElementAddress/PointerToArrayElementAddress.csproj" />
    <Project Path="tests/Behavioral/PointerToInterfaceParamDeref/PointerToInterfaceParamDeref.csproj" />
    <Project Path="tests/Behavioral/PointerToNilPointerIdentity/PointerToNilPointerIdentity.csproj" />
    <Project Path="tests/Behavioral/PointerToPointer/PointerToPointer.csproj" />
    <Project Path="tests/Behavioral/PointerValueToInterfaceArg/PointerValueToInterfaceArg.csproj" />
    <Project Path="tests/Behavioral/PrintfFormatCommaParen/PrintfFormatCommaParen.csproj" />
    <Project Path="tests/Behavioral/PrintfWidthFlags/PrintfWidthFlags.csproj" />
    <Project Path="tests/Behavioral/PromotedEmbedAnonIfaceWitness/PromotedEmbedAnonIfaceWitness.csproj" />
    <Project Path="tests/Behavioral/PromotedEmbedLib/PromotedEmbedLib.csproj" />
    <Project Path="tests/Behavioral/PromotedEmbedUser/PromotedEmbedUser.csproj" />
    <Project Path="tests/Behavioral/PromotedEmbedZeroValueField/PromotedEmbedZeroValueField.csproj" />
    <Project Path="tests/Behavioral/PromotedFieldNameIsType/PromotedFieldNameIsType.csproj" />
    <Project Path="tests/Behavioral/PromotedFieldPointerDeref/PromotedFieldPointerDeref.csproj" />
    <Project Path="tests/Behavioral/PromotedValueEmbedExprRecv/PromotedValueEmbedExprRecv.csproj" />
    <Project Path="tests/Behavioral/PromotedValueEmbedLib/PromotedValueEmbedLib.csproj" />
    <Project Path="tests/Behavioral/PromotedValueEmbedUser/PromotedValueEmbedUser.csproj" />
    <Project Path="tests/Behavioral/PtrKeyMapReceiverLookup/PtrKeyMapReceiverLookup.csproj" />
    <Project Path="tests/Behavioral/PublicizedFieldType/PublicizedFieldType.csproj" />
    <Project Path="tests/Behavioral/PublicizedFuncTypeParam/PublicizedFuncTypeParam.csproj" />
    <Project Path="tests/Behavioral/RangeShadowSelectorMethod/RangeShadowSelectorMethod.csproj" />
    <Project Path="tests/Behavioral/PublicizedInterfaceAnonAlias/PublicizedInterfaceAnonAlias.csproj" />
    <Project Path="tests/Behavioral/PublicizedInterfaceParam/PublicizedInterfaceParam.csproj" />
    <Project Path="tests/Behavioral/RangeExprFuncLitCapture/RangeExprFuncLitCapture.csproj" />
    <Project Path="tests/Behavioral/RangeIntIndexAppend/RangeIntIndexAppend.csproj" />
    <Project Path="tests/Behavioral/RangeOverIntegerTypes/RangeOverIntegerTypes.csproj" />
    <Project Path="tests/Behavioral/RangePointerArrayConversion/RangePointerArrayConversion.csproj" />
    <Project Path="tests/Behavioral/RangeStatements/RangeStatements.csproj" />
    <Project Path="tests/Behavioral/RangeVarHeapBox/RangeVarHeapBox.csproj" />
    <Project Path="tests/Behavioral/RangeVarReassign/RangeVarReassign.csproj" />
    <Project Path="tests/Behavioral/ReceiverCapturedInClosure/ReceiverCapturedInClosure.csproj" />
    <Project Path="tests/Behavioral/ReceiverFieldAddress/ReceiverFieldAddress.csproj" />
    <Project Path="tests/Behavioral/ReceiverFieldMethodCall/ReceiverFieldMethodCall.csproj" />
    <Project Path="tests/Behavioral/ReceiverNestedFieldAddress/ReceiverNestedFieldAddress.csproj" />
    <Project Path="tests/Behavioral/ReceiverPointerValue/ReceiverPointerValue.csproj" />
    <Project Path="tests/Behavioral/RefPrimaryFieldReceiver/RefPrimaryFieldReceiver.csproj" />
    <Project Path="tests/Behavioral/ReflectArrayOf/ReflectArrayOf.csproj" />
    <Project Path="tests/Behavioral/ReflectAssignabilityNamed/ReflectAssignabilityNamed.csproj" />
    <Project Path="tests/Behavioral/ReflectBridgeClosure/ReflectBridgeClosure.csproj" />
    <Project Path="tests/Behavioral/ReflectChanDirection/ReflectChanDirection.csproj" />
    <Project Path="tests/Behavioral/ReflectChanNarrowing/ReflectChanNarrowing.csproj" />
    <Project Path="tests/Behavioral/ReflectConvertAssignable/ReflectConvertAssignable.csproj" />
    <Project Path="tests/Behavioral/ReflectEmptyContainerIdentity/ReflectEmptyContainerIdentity.csproj" />
    <Project Path="tests/Behavioral/ReflectFieldAddrWrite/ReflectFieldAddrWrite.csproj" />
    <Project Path="tests/Behavioral/ReflectFieldMetadata/ReflectFieldMetadata.csproj" />
    <Project Path="tests/Behavioral/ReflectFieldMetadata/fieldlib/ReflectFieldMetadata.fieldlib.csproj" />
    <Project Path="tests/Behavioral/ReflectFuncArrayParamDims/ReflectFuncArrayParamDims.csproj" />
    <Project Path="tests/Behavioral/ReflectMakeFunc/ReflectMakeFunc.csproj" />
    <Project Path="tests/Behavioral/ReflectMapRangeNilKey/ReflectMapRangeNilKey.csproj" />
    <Project Path="tests/Behavioral/ReflectMethodTableWalk/ReflectMethodTableWalk.csproj" />
    <Project Path="tests/Behavioral/ReflectStringWindow/ReflectStringWindow.csproj" />
    <Project Path="tests/Behavioral/ReflectStructOf/ReflectStructOf.csproj" />
    <Project Path="tests/Behavioral/ReflectStructTagCopy/ReflectStructTagCopy.csproj" />
    <Project Path="tests/Behavioral/ReflectTypedNilInterface/ReflectTypedNilInterface.csproj" />
    <Project Path="tests/Behavioral/ReflectUnexportedFieldFlags/ReflectUnexportedFieldFlags.csproj" />
    <Project Path="tests/Behavioral/ReflectValueSingles/ReflectValueSingles.csproj" />
    <Project Path="tests/Behavioral/ReflectVariadicCall/ReflectVariadicCall.csproj" />
    <Project Path="tests/Behavioral/ReflectZeroAndGrow/ReflectZeroAndGrow.csproj" />
    <Project Path="tests/Behavioral/ReflectliteTypeName/ReflectliteTypeName.csproj" />
    <Project Path="tests/Behavioral/RefLoweredNilTiming/RefLoweredNilTiming.csproj" />
    <Project Path="tests/Behavioral/RefLoweredParams/RefLoweredParams.csproj" />
    <Project Path="tests/Behavioral/ReinterpretPinLifetime/ReinterpretPinLifetime.csproj" />
    <Project Path="tests/Behavioral/ReinterpretPointerLifetime/ReinterpretPointerLifetime.csproj" />
    <Project Path="tests/Behavioral/RecvArrayFieldElementAddress/RecvArrayFieldElementAddress.csproj" />
    <Project Path="tests/Behavioral/RecvMapElementDeref/RecvMapElementDeref.csproj" />
    <Project Path="tests/Behavioral/RenamedReceiverBox/RenamedReceiverBox.csproj" />
    <Project Path="tests/Behavioral/ReturnPointerFieldOfParam/ReturnPointerFieldOfParam.csproj" />
    <Project Path="tests/Behavioral/ReverseSortNaNOrder/ReverseSortNaNOrder.csproj" />
    <Project Path="tests/Behavioral/ReturnTupleFuncLitArg/ReturnTupleFuncLitArg.csproj" />
    <Project Path="tests/Behavioral/ResolveErrIdentity/ResolveErrIdentity.csproj" />
    <Project Path="tests/Behavioral/ReservedNameShadows/ReservedNameShadows.csproj" />
    <Project Path="tests/Behavioral/ReservedTypeMethodCollision/ReservedTypeMethodCollision.csproj" />
    <Project Path="tests/Behavioral/RelationalPatternGuard/RelationalPatternGuard.csproj" />
    <Project Path="tests/Behavioral/RingPointerMethods/RingPointerMethods.csproj" />
    <Project Path="tests/Behavioral/RuntimeCallerFrames/RuntimeCallerFrames.csproj" />
    <Project Path="tests/Behavioral/SStringElision/SStringElision.csproj" />
    <Project Path="tests/Behavioral/SamePackageImplementNoWitness/SamePackageImplementNoWitness.csproj" />
    <Project Path="tests/Behavioral/SamePackageImplementNoWitness/ledger/SamePackageImplementNoWitness.ledger.csproj" />
    <Project Path="tests/Behavioral/SameUnderlyingNamedConv/SameUnderlyingNamedConv.csproj" />
    <Project Path="tests/Behavioral/SelectEscapeBinding/SelectEscapeBinding.csproj" />
    <Project Path="tests/Behavioral/SelectOperandOnceEval/SelectOperandOnceEval.csproj" />
    <Project Path="tests/Behavioral/SelectOperandSourceOrder/SelectOperandSourceOrder.csproj" />
    <Project Path="tests/Behavioral/SelectRandomFairness/SelectRandomFairness.csproj" />
    <Project Path="tests/Behavioral/SelectRecvCommShadowRename/SelectRecvCommShadowRename.csproj" />
    <Project Path="tests/Behavioral/SelectSendDefault/SelectSendDefault.csproj" />
    <Project Path="tests/Behavioral/SelectSendRecvMix/SelectSendRecvMix.csproj" />
    <Project Path="tests/Behavioral/SelectSingleFire/SelectSingleFire.csproj" />
    <Project Path="tests/Behavioral/SelectStatement/SelectStatement.csproj" />
    <Project Path="tests/Behavioral/SetFinalizerBridge/SetFinalizerBridge.csproj" />
    <Project Path="tests/Behavioral/SparseArrayIfaceElem/SparseArrayIfaceElem.csproj" />
    <Project Path="tests/Behavioral/SparseArrayNamedIntKey/SparseArrayNamedIntKey.csproj" />
    <Project Path="tests/Behavioral/ShadowedCompoundAssign/ShadowedCompoundAssign.csproj" />
    <Project Path="tests/Behavioral/ShadowedHeapBoxReceiver/ShadowedHeapBoxReceiver.csproj" />
    <Project Path="tests/Behavioral/ShadowedImportConstLib/ShadowedImportConstLib.csproj" />
    <Project Path="tests/Behavioral/ShadowedImportConstUser/ShadowedImportConstUser.csproj" />
    <Project Path="tests/Behavioral/ShadowedInterfaceEmbed/ShadowedInterfaceEmbed.csproj" />
    <Project Path="tests/Behavioral/ShadowedPointerParam/ShadowedPointerParam.csproj" />
    <Project Path="tests/Behavioral/ShadowedVarMethodCallLHS/ShadowedVarMethodCallLHS.csproj" />
    <Project Path="tests/Behavioral/ShadowLocalOverRecvName/ShadowLocalOverRecvName.csproj" />
    <Project Path="tests/Behavioral/ShadowRangeVarOverRecvName/ShadowRangeVarOverRecvName.csproj" />
    <Project Path="tests/Behavioral/SharedEmbeddedInterfaceMember/SharedEmbeddedInterfaceMember.csproj" />
    <Project Path="tests/Behavioral/ShiftNegativeWideConst/ShiftNegativeWideConst.csproj" />
    <Project Path="tests/Behavioral/ShiftPrecedenceUnsigned/ShiftPrecedenceUnsigned.csproj" />
    <Project Path="tests/Behavioral/ShellForwardArity/ShellForwardArity.csproj" />
    <Project Path="tests/Behavioral/SiblingTestAddressedGlobal/SiblingTestAddressedGlobal.csproj" />
    <Project Path="tests/Behavioral/SignalPrimitives/SignalPrimitives.csproj" />
    <Project Path="tests/Behavioral/Slice3IndexWideBound/Slice3IndexWideBound.csproj" />
    <Project Path="tests/Behavioral/SliceAliasing/SliceAliasing.csproj" />
    <Project Path="tests/Behavioral/SliceElementFieldAddress/SliceElementFieldAddress.csproj" />
    <Project Path="tests/Behavioral/SliceFieldElementAddress/SliceFieldElementAddress.csproj" />
    <Project Path="tests/Behavioral/SliceNilVsEmpty/SliceNilVsEmpty.csproj" />
    <Project Path="tests/Behavioral/SliceOfArrayTypeName/SliceOfArrayTypeName.csproj" />
    <Project Path="tests/Behavioral/SlicePointerIdentity/SlicePointerIdentity.csproj" />
    <Project Path="tests/Behavioral/SliceToArrayPointerAlias/SliceToArrayPointerAlias.csproj" />
    <Project Path="tests/Behavioral/SockaddrRoundTrip/SockaddrRoundTrip.csproj" />
    <Project Path="tests/Behavioral/Solitaire/Solitaire.csproj" />
    <Project Path="tests/Behavioral/SortArrayType/SortArrayType.csproj" />
    <Project Path="tests/Behavioral/SpreadOperator/SpreadOperator.csproj" />
    <Project Path="tests/Behavioral/StatLayoutTruth/StatLayoutTruth.csproj" />
    <Project Path="tests/Behavioral/StdLibInternalAbi/StdLibInternalAbi.csproj" />
    <Project Path="tests/Behavioral/StdoutCloseEofBarrier/StdoutCloseEofBarrier.csproj" />
    <Project Path="tests/Behavioral/StringByteSemantics/StringByteSemantics.csproj" />
    <Project Path="tests/Behavioral/StringByteUnionConstraint/StringByteUnionConstraint.csproj" />
    <Project Path="tests/Behavioral/StringConvNamedInt/StringConvNamedInt.csproj" />
    <Project Path="tests/Behavioral/StringConvPostfix/StringConvPostfix.csproj" />
    <Project Path="tests/Behavioral/StringDataIdentity/StringDataIdentity.csproj" />
    <Project Path="tests/Behavioral/StringLenUtf8Bytes/StringLenUtf8Bytes.csproj" />
    <Project Path="tests/Behavioral/StringLiteralHoisting/StringLiteralHoisting.csproj" />
    <Project Path="tests/Behavioral/StringLiteralIndexLoop/StringLiteralIndexLoop.csproj" />
    <Project Path="tests/Behavioral/StringLiteralSliceConversion/StringLiteralSliceConversion.csproj" />
    <Project Path="tests/Behavioral/StringPassByValue/StringPassByValue.csproj" />
    <Project Path="tests/Behavioral/StringSliceAndUnsignedConst/StringSliceAndUnsignedConst.csproj" />
    <Project Path="tests/Behavioral/StringZeroValueConcat/StringZeroValueConcat.csproj" />
    <Project Path="tests/Behavioral/StructArrayFieldValueCopy/StructArrayFieldValueCopy.csproj" />
    <Project Path="tests/Behavioral/StructuralAssertFailSoftMiss/StructuralAssertFailSoftMiss.csproj" />
    <Project Path="tests/Behavioral/StructFieldNamedOther/StructFieldNamedOther.csproj" />
    <Project Path="tests/Behavioral/StructPointerPromotionWithInterface/StructPointerPromotionWithInterface.csproj" />
    <Project Path="tests/Behavioral/StructPromotion/StructPromotion.csproj" />
    <Project Path="tests/Behavioral/StructPromotionWithInterface/StructPromotionWithInterface.csproj" />
    <Project Path="tests/Behavioral/StructWithDelegate/StructWithDelegate.csproj" />
    <Project Path="tests/Behavioral/StructWithPointer/StructWithPointer.csproj" />
    <Project Path="tests/Behavioral/SubpackageFuncTypeParam/SubpackageFuncTypeParam.csproj" />
    <Project Path="tests/Behavioral/SwitchBreakBeforeFallthrough/SwitchBreakBeforeFallthrough.csproj" />
    <Project Path="tests/Behavioral/SwitchBreakContinueWrapper/SwitchBreakContinueWrapper.csproj" />
    <Project Path="tests/Behavioral/SwitchBreakInCase/SwitchBreakInCase.csproj" />
    <Project Path="tests/Behavioral/SynthesizedDelegateChildPkg/SynthesizedDelegateChildPkg.csproj" />
    <Project Path="tests/Behavioral/SynthesizedDelegateChildPkg/inner/SynthesizedDelegateChildPkg.inner.csproj" />
    <Project Path="tests/Behavioral/SynthesizedDelegateCrossPkg/SynthesizedDelegateCrossPkg.csproj" />
    <Project Path="tests/Behavioral/SyncTimerChannel/SyncTimerChannel.csproj" />
    <Project Path="tests/Behavioral/SwitchDefaultOrder/SwitchDefaultOrder.csproj" />
    <Project Path="tests/Behavioral/SwitchFallthroughDefault/SwitchFallthroughDefault.csproj" />
    <Project Path="tests/Behavioral/SwitchFallthroughDefaultReturn/SwitchFallthroughDefaultReturn.csproj" />
    <Project Path="tests/Behavioral/SwitchNonConstCaseLabel/SwitchNonConstCaseLabel.csproj" />
    <Project Path="tests/Behavioral/SyscallKeystonePulls/SyscallKeystonePulls.csproj" />
    <Project Path="tests/Behavioral/SystemCertVerify/SystemCertVerify.csproj" />
    <Project Path="tests/Behavioral/SystemCollidingTypeName/SystemCollidingTypeName.csproj" />
    <Project Path="tests/Behavioral/TcpLoopbackRoundTrip/TcpLoopbackRoundTrip.csproj" />
    <Project Path="tests/Behavioral/TransitiveAliasPreload/TransitiveAliasPreload.csproj" />
    <Project Path="tests/Behavioral/TupleDestructureEscapingLocal/TupleDestructureEscapingLocal.csproj" />
    <Project Path="tests/Behavioral/TupleMixedDeclareReassign/TupleMixedDeclareReassign.csproj" />
    <Project Path="tests/Behavioral/TupleSpreadIntoCall/TupleSpreadIntoCall.csproj" />
    <Project Path="tests/Behavioral/TypeAssert/TypeAssert.csproj" />
    <Project Path="tests/Behavioral/TypeConversion/TypeConversion.csproj" />
    <Project Path="tests/Behavioral/TypeConversionInterfaceParam/TypeConversionInterfaceParam.csproj" />
    <Project Path="tests/Behavioral/TypedNilFuncBoundaries/TypedNilFuncBoundaries.csproj" />
    <Project Path="tests/Behavioral/TypedNilPtrArrayDims/TypedNilPtrArrayDims.csproj" />
    <Project Path="tests/Behavioral/TypeConversionReturnType/TypeConversionReturnType.csproj" />
    <Project Path="tests/Behavioral/TypeInference/TypeInference.csproj" />
    <Project Path="tests/Behavioral/TypeSwitch/TypeSwitch.csproj" />
    <Project Path="tests/Behavioral/TypeSwitchBindingAddress/TypeSwitchBindingAddress.csproj" />
    <Project Path="tests/Behavioral/TypeSwitchGuardShadow/TypeSwitchGuardShadow.csproj" />
    <Project Path="tests/Behavioral/TypeSwitchImpureTag/TypeSwitchImpureTag.csproj" />
    <Project Path="tests/Behavioral/TypeSwitchMultiCase/TypeSwitchMultiCase.csproj" />
    <Project Path="tests/Behavioral/TypeSwitchNamedInterfaceCase/TypeSwitchNamedInterfaceCase.csproj" />
    <Project Path="tests/Behavioral/TypeSwitchTagShadowRename/TypeSwitchTagShadowRename.csproj" />
    <Project Path="tests/Behavioral/TypeSwitchPointerAdapter/TypeSwitchPointerAdapter.csproj" />
    <Project Path="tests/Behavioral/TypedErrorAssertThroughAdapter/TypedErrorAssertThroughAdapter.csproj" />
    <Project Path="tests/Behavioral/TypedNilInterface/TypedNilInterface.csproj" />
    <Project Path="tests/Behavioral/TypedNilPtrArrayPositions/TypedNilPtrArrayPositions.csproj" />
    <Project Path="tests/Behavioral/TypedPointerCastDeref/TypedPointerCastDeref.csproj" />
    <Project Path="tests/Behavioral/UdpLoopbackRoundTrip/UdpLoopbackRoundTrip.csproj" />
    <Project Path="tests/Behavioral/UdpWriteMsgAddrPort/UdpWriteMsgAddrPort.csproj" />
    <Project Path="tests/Behavioral/UintptrUnsafePointerIdiom/UintptrUnsafePointerIdiom.csproj" />
    <Project Path="tests/Behavioral/UncomparableEquality/UncomparableEquality.csproj" />
    <Project Path="tests/Behavioral/UnexportedEmbeddedMarker/UnexportedEmbeddedMarker.csproj" />
    <Project Path="tests/Behavioral/UnexportedIfaceDynamicAssert/UnexportedIfaceDynamicAssert.csproj" />
    <Project Path="tests/Behavioral/UnicodeConsoleOutput/UnicodeConsoleOutput.csproj" />
    <Project Path="tests/Behavioral/UnsafePointerWordRead/UnsafePointerWordRead.csproj" />
    <Project Path="tests/Behavioral/UntypedIntInterfaceBox/UntypedIntInterfaceBox.csproj" />
    <Project Path="tests/Behavioral/UntypedNestedSliceComposite/UntypedNestedSliceComposite.csproj" />
    <Project Path="tests/Behavioral/UnnamedMapNilConversion/UnnamedMapNilConversion.csproj" />
    <Project Path="tests/Behavioral/UnnamedParams/UnnamedParams.csproj" />
    <Project Path="tests/Behavioral/UnsafeOperations/UnsafeOperations.csproj" />
    <Project Path="tests/Behavioral/UnsafeBuiltinIntegerLen/UnsafeBuiltinIntegerLen.csproj" />
    <Project Path="tests/Behavioral/UnsafePointerArgPassing/UnsafePointerArgPassing.csproj" />
    <Project Path="tests/Behavioral/UnsafePointerInferredNoImport/UnsafePointerInferredNoImport.csproj" />
    <Project Path="tests/Behavioral/UnsafePointerKeywordParam/UnsafePointerKeywordParam.csproj" />
    <Project Path="tests/Behavioral/UnsafePointerParamPin/UnsafePointerParamPin.csproj" />
    <Project Path="tests/Behavioral/UnsafePointerPrint/UnsafePointerPrint.csproj" />
    <Project Path="tests/Behavioral/UnsafePointerReinterpret/UnsafePointerReinterpret.csproj" />
    <Project Path="tests/Behavioral/UnsafeStringEmpty/UnsafeStringEmpty.csproj" />
    <Project Path="tests/Behavioral/UnsafeSliceDataAliasing/UnsafeSliceDataAliasing.csproj" />
    <Project Path="tests/Behavioral/UnsignedNamedNumeric/UnsignedNamedNumeric.csproj" />
    <Project Path="tests/Behavioral/UntypedConstArithmetic/UntypedConstArithmetic.csproj" />
    <Project Path="tests/Behavioral/UntypedConstDefine/UntypedConstDefine.csproj" />
    <Project Path="tests/Behavioral/UntypedConstFloatContext/UntypedConstFloatContext.csproj" />
    <Project Path="tests/Behavioral/UntypedConstWideMask/UntypedConstWideMask.csproj" />
    <Project Path="tests/Behavioral/UntypedFloatConstExpr/UntypedFloatConstExpr.csproj" />
    <Project Path="tests/Behavioral/UntypedFloatDefault/UntypedFloatDefault.csproj" />
    <Project Path="tests/Behavioral/UntypedIntFloatContexts/UntypedIntFloatContexts.csproj" />
    <Project Path="tests/Behavioral/UntypedIntWideShift/UntypedIntWideShift.csproj" />
    <Project Path="tests/Behavioral/ValueAdapterDynamicType/ValueAdapterDynamicType.csproj" />
    <Project Path="tests/Behavioral/ValueAdapterDynamicType/colorlike/ValueAdapterDynamicType.colorlike.csproj" />
    <Project Path="tests/Behavioral/VarNamedAsType/VarNamedAsType.csproj" />
    <Project Path="tests/Behavioral/VariadicBoxReceiver/VariadicBoxReceiver.csproj" />
    <Project Path="tests/Behavioral/VariadicClosureSpread/VariadicClosureSpread.csproj" />
    <Project Path="tests/Behavioral/VariadicFuncFields/VariadicFuncFields.csproj" />
    <Project Path="tests/Behavioral/VariadicFuncTypeAssert/VariadicFuncTypeAssert.csproj" />
    <Project Path="tests/Behavioral/VariadicFuncValues/VariadicFuncValues.csproj" />
    <Project Path="tests/Behavioral/VariadicPointerParam/VariadicPointerParam.csproj" />
    <Project Path="tests/Behavioral/VariadicSlotInterfaces/VariadicSlotInterfaces.csproj" />
    <Project Path="tests/Behavioral/VariableCapture/VariableCapture.csproj" />
    <Project Path="tests/Behavioral/VersionedImport/VersionedImport.csproj" />
    <Project Path="tests/Behavioral/VersionedImport/vlib/vlib.v2.csproj" />
    <Project Path="tests/Behavioral/WrittenCaptureParam/WrittenCaptureParam.csproj" />
    <Project Path="tests/Behavioral/WsaProtocolInfo/WsaProtocolInfo.csproj" />
    <Project Path="tests/Behavioral/WsaSendtoRoundTrip/WsaSendtoRoundTrip.csproj" />
    <Project Path="tests/Behavioral/ZeroSizeFieldLayout/ZeroSizeFieldLayout.csproj" />
    <Project Path="tests/Behavioral/ZeroValueArrayField/ZeroValueArrayField.csproj" />
    <Project Path="tests/Behavioral/ZeroValueArrayNamedResult/ZeroValueArrayNamedResult.csproj" />
    <Project Path="tests/Behavioral/ZeroValueStructVar/ZeroValueStructVar.csproj" />
  </Folder>
  <Folder Name="/tests/library/">
    <Project Path="tests/ChannelTests/ChannelTests.csproj" />
    <Project Path="tests/GenTests/GenTests.csproj" />
    <Project Path="tests/GolibTests/GolibTests.csproj" />
  </Folder>
  <Folder Name="/tests/performance/">
    <File Path="tests/Performance/README.md" />
    <File Path="tests/Performance/run-performance.ps1" />
    <Project Path="tests/Performance/PerformanceRunner/PerformanceRunner.csproj" />
  </Folder>
  <Folder Name="/tests/performance/target-projects/">
    <Project Path="tests/Performance/PerfChannel/PerfChannel.csproj" />
    <Project Path="tests/Performance/PerfFib/PerfFib.csproj" />
    <Project Path="tests/Performance/PerfIface/PerfIface.csproj" />
    <Project Path="tests/Performance/PerfIfaceCall/PerfIfaceCall.csproj" />
    <Project Path="tests/Performance/PerfIfaceShell/PerfIfaceShell.csproj" />
    <Project Path="tests/Performance/PerfMap/PerfMap.csproj" />
    <Project Path="tests/Performance/PerfMatMul/PerfMatMul.csproj" />
    <Project Path="tests/Performance/PerfRefLower/PerfRefLower.csproj" />
    <Project Path="tests/Performance/PerfSieve/PerfSieve.csproj" />
    <Project Path="tests/Performance/PerfSort/PerfSort.csproj" />
    <Project Path="tests/Performance/PerfStartup/PerfStartup.csproj" />
    <Project Path="tests/Performance/PerfString/PerfString.csproj" />
    <Project Path="tests/Performance/PerfStringMatch/PerfStringMatch.csproj" />
    <Project Path="tests/Performance/PerfStringView/PerfStringView.csproj" />
    <Project Path="tests/Performance/PerfTlsHandshake/PerfTlsHandshake.csproj" />
  </Folder>
  <Folder Name="/utilities/">
    <File Path="set-version.ps1" />
    <Project Path="utilities/UpdateTestTargets/UpdateTestTargets.csproj" />
  </Folder>
</Solution>
